# This file was autogenerated by Stack.
# You should not edit this file by hand.
# For more information, please see the documentation at:
#   https://docs.haskellstack.org/en/stable/lock_files

packages: []
snapshots:
- completed:
    size: 516734
    url: https://raw.githubusercontent.com/commercialhaskell/stackage-snapshots/master/nightly/2019/7/7.yaml
    sha256: 0157ee1735e130131815039752541d322ff56979c2a827bc63ecd1ce0d8ffcbb
  original: nightly-2019-07-07
